{
  "version": 4,
  "terraform_version": "1.12.0",
  "serial": 7,
  "lineage": "dba9f0f5-03db-d1ee-be70-02d2e6b75cfd",
  "outputs": {
    "env_committable_file": {
      "value": "DATABASE_URL=postgresql://postgres:Password1!@localhost:5432/menu\nGIT_SHA=\nHOST_NAME=\nIEDORA_ADMIN_EMAILS=dev@iedora.local\nIEDORA_PROJECT_ID=373949786514166790\nMENU_PUBLIC_URL=http://localhost:3000\nMENU_SESSION_SECRET=PLACEHOLDER-bun-run-dev-overrides-via-env-local\nNEXT_TELEMETRY_DISABLED=1\nNODE_ENV=development\nOTEL_EXPORTER_OTLP_ENDPOINT=http://localhost:5080/api/default\nOTEL_EXPORTER_OTLP_HEADERS=Authorization=Basic%20ZGV2QGllZG9yYS5sb2NhbDpQYXNzd29yZDEh\nS3_ACCESS_KEY=test\nS3_BUCKET=iedora-assets\nS3_ENDPOINT=http://localhost:4566\nS3_PUBLIC_URL=http://localhost:4566/iedora-assets\nS3_REGION=us-east-1\nS3_SECRET_KEY=test\nZITADEL_ACTION_SIGNING_KEY=PLACEHOLDER-bun-run-dev-overrides-via-env-local\nZITADEL_GRANTS_SIGNING_KEY=\nZITADEL_ISSUER_URL=http://localhost:8080\nZITADEL_MANAGEMENT_TOKEN=PLACEHOLDER-bun-run-dev-overrides-via-env-local\nZITADEL_OAUTH_CLIENT_ID=PLACEHOLDER-bun-run-dev-overrides-via-env-local\nZITADEL_OAUTH_CLIENT_SECRET=PLACEHOLDER-bun-run-dev-overrides-via-env-local",
      "type": "string",
      "sensitive": true
    },
    "env_dynamic_file": {
      "value": "MENU_SESSION_SECRET=GPW3I3c8otuCBnjCwtcCyLC7Mdcim2L1czCHbavcJXBRMv9t\nZITADEL_ACTION_SIGNING_KEY=TyeX3c02qAmMSrJCfOpL6aTUplDeqPlKnMdd\nZITADEL_GRANTS_SIGNING_KEY=cAzwQqjbrcVmvyksTt8VIRb6ICnh8kdX846P\nZITADEL_MANAGEMENT_TOKEN=eyJhbGciOiJBMjU2R0NNS1ciLCJlbmMiOiJBMjU2R0NNIiwiaXYiOiIzWTJHdWNKUEtWSHBTRkxHIiwia2lkIjoib2lkY0tleSIsInRhZyI6IjZCb1lGLVFfX2JsREtpLThSN1JvTncifQ.kBqIgGeSveaZE8dofU9BcMsEhSaAydZ3mkB1urc1PDs.yZM3yrQdFLh4qqth.Y5WArKlhk57pytiI8-PCPeT5tXEGFNeNWTfgicDoDldBrqWoqg.75eSBIxo7yU0huOR_oPkyw\nZITADEL_OAUTH_CLIENT_ID=373949786597987334\nZITADEL_OAUTH_CLIENT_SECRET=sT3upOsk1HhgNSDWN0P5HZv8tzY4vsAzre5RJ6v3a0ENuPPIBGg7U5GuTweyXdDL",
      "type": "string",
      "sensitive": true
    }
  },
  "resources": [
    {
      "mode": "data",
      "type": "zitadel_orgs",
      "name": "iedora",
      "provider": "provider[\"registry.opentofu.org/zitadel/zitadel\"]",
      "instances": [
        {
          "schema_version": 0,
          "attributes": {
            "domain": null,
            "domain_method": null,
            "id": "-",
            "ids": [
              "373949658805933061"
            ],
            "name": "iedora",
            "name_method": "TEXT_QUERY_METHOD_EQUALS",
            "primary_domain": null,
            "state": null
          },
          "sensitive_attributes": []
        }
      ]
    },
    {
      "mode": "managed",
      "type": "docker_container",
      "name": "zitadel_bootstrap_chmod",
      "provider": "provider[\"registry.opentofu.org/kreuzwerker/docker\"]",
      "instances": [
        {
          "schema_version": 2,
          "attributes": {
            "attach": true,
            "bridge": "",
            "capabilities": [],
            "cgroup_parent": null,
            "cgroupns_mode": null,
            "command": [
              "chmod",
              "777",
              "/x"
            ],
            "container_logs": null,
            "container_read_refresh_timeout_milliseconds": 15000,
            "cpu_period": null,
            "cpu_quota": null,
            "cpu_set": "",
            "cpu_shares": 0,
            "cpus": null,
            "destroy_grace_seconds": null,
            "devices": [],
            "dns": null,
            "dns_opts": null,
            "dns_search": null,
            "domainname": "",
            "entrypoint": [],
            "env": [],
            "exit_code": 0,
            "gpus": null,
            "group_add": null,
            "healthcheck": null,
            "host": [],
            "hostname": "27672bdb5e2f",
            "id": "27672bdb5e2fc4ccd3d5fc7a7624941461b86c953d0de592567921556822c193",
            "image": "busybox:1.37",
            "init": false,
            "ipc_mode": "private",
            "labels": [],
            "log_driver": "json-file",
            "log_opts": {
              "max-file": "5",
              "max-size": "20m"
            },
            "logs": false,
            "max_retry_count": 0,
            "memory": 0,
            "memory_reservation": 0,
            "memory_swap": 0,
            "mounts": [],
            "must_run": false,
            "name": "infra-zitadel-bootstrap-chmod",
            "network_data": [
              {
                "gateway": "",
                "global_ipv6_address": "",
                "global_ipv6_prefix_length": 0,
                "ip_address": "",
                "ip_prefix_length": 0,
                "ipv6_gateway": "",
                "mac_address": "",
                "network_name": "bridge"
              }
            ],
            "network_mode": "bridge",
            "networks_advanced": [],
            "pid_mode": "",
            "ports": [],
            "privileged": false,
            "publish_all_ports": false,
            "read_only": false,
            "remove_volumes": true,
            "restart": "no",
            "rm": false,
            "runtime": "runc",
            "security_opts": [],
            "shm_size": 6002,
            "start": true,
            "stdin_open": false,
            "stop_signal": "",
            "stop_timeout": 0,
            "storage_opts": null,
            "sysctls": null,
            "tmpfs": null,
            "tty": false,
            "ulimit": [],
            "upload": [],
            "user": "",
            "userns_mode": "",
            "volumes": [
              {
                "container_path": "/x",
                "from_container": "",
                "host_path": "/Users/eduvhc/projects/personal/iedora/infra/dev/.zitadel-bootstrap",
                "read_only": null,
                "volume_name": ""
              }
            ],
            "wait": false,
            "wait_timeout": 60,
            "working_dir": ""
          },
          "sensitive_attributes": [],
          "private": "eyJzY2hlbWFfdmVyc2lvbiI6IjIifQ=="
        }
      ]
    },
    {
      "mode": "managed",
      "type": "docker_image",
      "name": "house",
      "provider": "provider[\"registry.opentofu.org/kreuzwerker/docker\"]",
      "instances": [
        {
          "schema_version": 0,
          "attributes": {
            "build": [
              {
                "additional_contexts": [],
                "auth_config": [],
                "build_args": {},
                "build_id": "",
                "build_log_file": "",
                "builder": "",
                "cache_from": [],
                "cache_to": [],
                "cgroup_parent": "",
                "context": "/Users/eduvhc/projects/personal/iedora",
                "cpu_period": 0,
                "cpu_quota": 0,
                "cpu_set_cpus": "",
                "cpu_set_mems": "",
                "cpu_shares": 0,
                "dockerfile": "products/house/Dockerfile",
                "extra_hosts": [],
                "force_remove": false,
                "isolation": "",
                "label": {},
                "labels": {},
                "memory": 0,
                "memory_swap": 0,
                "network_mode": "",
                "no_cache": false,
                "platform": "",
                "pull_parent": false,
                "remote_context": "",
                "remove": true,
                "secrets": [],
                "security_opt": [],
                "session_id": "",
                "shm_size": 0,
                "squash": false,
                "suppress_output": false,
                "tag": [],
                "target": "",
                "ulimit": [],
                "version": ""
              }
            ],
            "force_remove": true,
            "id": "sha256:b1dc22f05093e801faa907d00aa9a7b8b7e1f382c5f4950cb5853da1cadaadebiedora-house:dev",
            "image_id": "sha256:b1dc22f05093e801faa907d00aa9a7b8b7e1f382c5f4950cb5853da1cadaadeb",
            "keep_locally": null,
            "name": "iedora-house:dev",
            "platform": null,
            "pull_triggers": null,
            "repo_digest": "",
            "timeouts": null,
            "triggers": {
              "source": "c7f800093baa7ca0178df64121a88f7576a1ef00"
            }
          },
          "sensitive_attributes": [],
          "private": "eyJlMmJmYjczMC1lY2FhLTExZTYtOGY4OC0zNDM2M2JjN2M0YzAiOnsiY3JlYXRlIjoxMjAwMDAwMDAwMDAwLCJkZWxldGUiOjEyMDAwMDAwMDAwMDAsInVwZGF0ZSI6MTIwMDAwMDAwMDAwMH19"
        }
      ]
    },
    {
      "mode": "managed",
      "type": "docker_network",
      "name": "iedora",
      "provider": "provider[\"registry.opentofu.org/kreuzwerker/docker\"]",
      "instances": [
        {
          "schema_version": 1,
          "attributes": {
            "attachable": false,
            "check_duplicate": null,
            "driver": "bridge",
            "id": "3b752933e9de12cd223268359ce883df8adcacbdf70a603672efc63ac757bbdb",
            "ingress": false,
            "internal": false,
            "ipam_config": [
              {
                "aux_address": {},
                "gateway": "192.168.148.1",
                "ip_range": "",
                "subnet": "192.168.148.0/24"
              }
            ],
            "ipam_driver": "default",
            "ipam_options": {},
            "ipv6": false,
            "labels": [],
            "name": "iedora",
            "options": {},
            "scope": "local"
          },
          "sensitive_attributes": [],
          "private": "eyJzY2hlbWFfdmVyc2lvbiI6IjEifQ=="
        }
      ]
    },
    {
      "mode": "managed",
      "type": "docker_volume",
      "name": "localstack_data",
      "provider": "provider[\"registry.opentofu.org/kreuzwerker/docker\"]",
      "instances": [
        {
          "schema_version": 1,
          "attributes": {
            "cluster": [],
            "driver": "local",
            "driver_opts": {},
            "id": "localstack-data",
            "labels": [],
            "mountpoint": "/var/lib/docker/volumes/localstack-data/_data",
            "name": "localstack-data"
          },
          "sensitive_attributes": [],
          "private": "eyJzY2hlbWFfdmVyc2lvbiI6IjEifQ=="
        }
      ]
    },
    {
      "mode": "managed",
      "type": "docker_volume",
      "name": "openobserve_data",
      "provider": "provider[\"registry.opentofu.org/kreuzwerker/docker\"]",
      "instances": [
        {
          "schema_version": 1,
          "attributes": {
            "cluster": [],
            "driver": "local",
            "driver_opts": {},
            "id": "openobserve-data",
            "labels": [],
            "mountpoint": "/var/lib/docker/volumes/openobserve-data/_data",
            "name": "openobserve-data"
          },
          "sensitive_attributes": [],
          "private": "eyJzY2hlbWFfdmVyc2lvbiI6IjEifQ=="
        }
      ]
    },
    {
      "mode": "managed",
      "type": "docker_volume",
      "name": "postgres_data",
      "provider": "provider[\"registry.opentofu.org/kreuzwerker/docker\"]",
      "instances": [
        {
          "schema_version": 1,
          "attributes": {
            "cluster": [],
            "driver": "local",
            "driver_opts": {},
            "id": "postgres-data",
            "labels": [],
            "mountpoint": "/var/lib/docker/volumes/postgres-data/_data",
            "name": "postgres-data"
          },
          "sensitive_attributes": [],
          "private": "eyJzY2hlbWFfdmVyc2lvbiI6IjEifQ=="
        }
      ]
    },
    {
      "mode": "managed",
      "type": "null_resource",
      "name": "iedora_admin_grants",
      "provider": "provider[\"registry.opentofu.org/hashicorp/null\"]",
      "instances": [
        {
          "index_key": 0,
          "schema_version": 0,
          "attributes": {
            "id": "5381582729312838052",
            "triggers": {
              "emails": "dev@iedora.local",
              "role_id": "373949658805933061_373949786514166790_iedora-admin"
            }
          },
          "sensitive_attributes": [],
          "dependencies": [
            "data.zitadel_orgs.iedora",
            "zitadel_machine_user.menu_sa",
            "zitadel_org.iedora",
            "zitadel_personal_access_token.menu_sa",
            "zitadel_project.iedora",
            "zitadel_project_role.iedora_admin"
          ]
        }
      ]
    },
    {
      "mode": "managed",
      "type": "random_password",
      "name": "menu_session_secret",
      "provider": "provider[\"registry.opentofu.org/hashicorp/random\"]",
      "instances": [
        {
          "schema_version": 3,
          "attributes": {
            "bcrypt_hash": "$2a$10$AJq.RbqQy2vDG9g9ZXwG4.WLcMW8tseL.XOwW.1klt49c9ssvbtgC",
            "id": "none",
            "keepers": null,
            "length": 48,
            "lower": true,
            "min_lower": 0,
            "min_numeric": 0,
            "min_special": 0,
            "min_upper": 0,
            "number": true,
            "numeric": true,
            "override_special": null,
            "result": "GPW3I3c8otuCBnjCwtcCyLC7Mdcim2L1czCHbavcJXBRMv9t",
            "special": false,
            "upper": true
          },
          "sensitive_attributes": [
            [
              {
                "type": "get_attr",
                "value": "bcrypt_hash"
              }
            ],
            [
              {
                "type": "get_attr",
                "value": "result"
              }
            ]
          ]
        }
      ]
    },
    {
      "mode": "managed",
      "type": "zitadel_action_execution_event",
      "name": "menu_grants_events",
      "provider": "provider[\"registry.opentofu.org/zitadel/zitadel\"]",
      "instances": [
        {
          "index_key": "user.grant.added",
          "schema_version": 0,
          "attributes": {
            "all": null,
            "event": "user.grant.added",
            "group": null,
            "id": "event/user.grant.added",
            "target_ids": [
              "373949786514035718"
            ]
          },
          "sensitive_attributes": [],
          "private": "bnVsbA==",
          "dependencies": [
            "zitadel_action_target.menu_grants"
          ]
        },
        {
          "index_key": "user.grant.cascade.changed",
          "schema_version": 0,
          "attributes": {
            "all": null,
            "event": "user.grant.cascade.changed",
            "group": null,
            "id": "event/user.grant.cascade.changed",
            "target_ids": [
              "373949786514035718"
            ]
          },
          "sensitive_attributes": [],
          "private": "bnVsbA==",
          "dependencies": [
            "zitadel_action_target.menu_grants"
          ]
        },
        {
          "index_key": "user.grant.cascade.removed",
          "schema_version": 0,
          "attributes": {
            "all": null,
            "event": "user.grant.cascade.removed",
            "group": null,
            "id": "event/user.grant.cascade.removed",
            "target_ids": [
              "373949786514035718"
            ]
          },
          "sensitive_attributes": [],
          "private": "bnVsbA==",
          "dependencies": [
            "zitadel_action_target.menu_grants"
          ]
        },
        {
          "index_key": "user.grant.changed",
          "schema_version": 0,
          "attributes": {
            "all": null,
            "event": "user.grant.changed",
            "group": null,
            "id": "event/user.grant.changed",
            "target_ids": [
              "373949786514035718"
            ]
          },
          "sensitive_attributes": [],
          "private": "bnVsbA==",
          "dependencies": [
            "zitadel_action_target.menu_grants"
          ]
        },
        {
          "index_key": "user.grant.deactivated",
          "schema_version": 0,
          "attributes": {
            "all": null,
            "event": "user.grant.deactivated",
            "group": null,
            "id": "event/user.grant.deactivated",
            "target_ids": [
              "373949786514035718"
            ]
          },
          "sensitive_attributes": [],
          "private": "bnVsbA==",
          "dependencies": [
            "zitadel_action_target.menu_grants"
          ]
        },
        {
          "index_key": "user.grant.reactivated",
          "schema_version": 0,
          "attributes": {
            "all": null,
            "event": "user.grant.reactivated",
            "group": null,
            "id": "event/user.grant.reactivated",
            "target_ids": [
              "373949786514035718"
            ]
          },
          "sensitive_attributes": [],
          "private": "bnVsbA==",
          "dependencies": [
            "zitadel_action_target.menu_grants"
          ]
        },
        {
          "index_key": "user.grant.removed",
          "schema_version": 0,
          "attributes": {
            "all": null,
            "event": "user.grant.removed",
            "group": null,
            "id": "event/user.grant.removed",
            "target_ids": [
              "373949786514035718"
            ]
          },
          "sensitive_attributes": [],
          "private": "bnVsbA==",
          "dependencies": [
            "zitadel_action_target.menu_grants"
          ]
        }
      ]
    },
    {
      "mode": "managed",
      "type": "zitadel_action_execution_function",
      "name": "menu_permissions_accesstoken",
      "provider": "provider[\"registry.opentofu.org/zitadel/zitadel\"]",
      "instances": [
        {
          "schema_version": 0,
          "attributes": {
            "id": "function/preaccesstoken",
            "name": "preaccesstoken",
            "target_ids": [
              "373949786514101254"
            ]
          },
          "sensitive_attributes": [],
          "private": "bnVsbA==",
          "dependencies": [
            "zitadel_action_target.menu_permissions"
          ]
        }
      ]
    },
    {
      "mode": "managed",
      "type": "zitadel_action_execution_function",
      "name": "menu_permissions_userinfo",
      "provider": "provider[\"registry.opentofu.org/zitadel/zitadel\"]",
      "instances": [
        {
          "schema_version": 0,
          "attributes": {
            "id": "function/preuserinfo",
            "name": "preuserinfo",
            "target_ids": [
              "373949786514101254"
            ]
          },
          "sensitive_attributes": [],
          "private": "bnVsbA==",
          "dependencies": [
            "zitadel_action_target.menu_permissions"
          ]
        }
      ]
    },
    {
      "mode": "managed",
      "type": "zitadel_action_target",
      "name": "menu_grants",
      "provider": "provider[\"registry.opentofu.org/zitadel/zitadel\"]",
      "instances": [
        {
          "schema_version": 0,
          "attributes": {
            "endpoint": "http://host.docker.internal:3000/api/zitadel/grants-changed",
            "expiration_signing_key": null,
            "id": "373949786514035718",
            "interrupt_on_error": false,
            "name": "menu-grants",
            "payload_type": "PAYLOAD_TYPE_JSON",
            "signing_key": "cAzwQqjbrcVmvyksTt8VIRb6ICnh8kdX846P",
            "target_type": "REST_CALL",
            "timeout": "5s"
          },
          "sensitive_attributes": [
            [
              {
                "type": "get_attr",
                "value": "signing_key"
              }
            ]
          ],
          "private": "bnVsbA=="
        }
      ]
    },
    {
      "mode": "managed",
      "type": "zitadel_action_target",
      "name": "menu_permissions",
      "provider": "provider[\"registry.opentofu.org/zitadel/zitadel\"]",
      "instances": [
        {
          "schema_version": 0,
          "attributes": {
            "endpoint": "http://host.docker.internal:3000/api/zitadel/permissions",
            "expiration_signing_key": null,
            "id": "373949786514101254",
            "interrupt_on_error": false,
            "name": "menu-permissions",
            "payload_type": "PAYLOAD_TYPE_JSON",
            "signing_key": "TyeX3c02qAmMSrJCfOpL6aTUplDeqPlKnMdd",
            "target_type": "REST_CALL",
            "timeout": "5s"
          },
          "sensitive_attributes": [
            [
              {
                "type": "get_attr",
                "value": "signing_key"
              }
            ]
          ],
          "private": "bnVsbA=="
        }
      ]
    },
    {
      "mode": "managed",
      "type": "zitadel_application_oidc",
      "name": "menu",
      "provider": "provider[\"registry.opentofu.org/zitadel/zitadel\"]",
      "instances": [
        {
          "schema_version": 0,
          "attributes": {
            "access_token_role_assertion": true,
            "access_token_type": "OIDC_TOKEN_TYPE_JWT",
            "additional_origins": [],
            "app_type": "OIDC_APP_TYPE_WEB",
            "auth_method_type": "OIDC_AUTH_METHOD_TYPE_BASIC",
            "back_channel_logout_uri": "",
            "client_id": "373949786597987334",
            "client_secret": "sT3upOsk1HhgNSDWN0P5HZv8tzY4vsAzre5RJ6v3a0ENuPPIBGg7U5GuTweyXdDL",
            "clock_skew": "0s",
            "compliance_problems": [],
            "dev_mode": true,
            "grant_types": [
              "OIDC_GRANT_TYPE_AUTHORIZATION_CODE",
              "OIDC_GRANT_TYPE_REFRESH_TOKEN"
            ],
            "id": "373949786597921798",
            "id_token_role_assertion": true,
            "id_token_userinfo_assertion": true,
            "login_version": [
              {
                "login_v1": false,
                "login_v2": [
                  {
                    "base_uri": "http://localhost:3001/ui/v2/login"
                  }
                ]
              }
            ],
            "name": "menu",
            "none_compliant": false,
            "org_id": "373949658805933061",
            "post_logout_redirect_uris": [
              "http://localhost:3000/"
            ],
            "project_id": "373949786514166790",
            "redirect_uris": [
              "http://localhost:3000/api/auth/callback"
            ],
            "response_types": [
              "OIDC_RESPONSE_TYPE_CODE"
            ],
            "skip_native_app_success_page": false,
            "version": "OIDC_VERSION_1_0"
          },
          "sensitive_attributes": [
            [
              {
                "type": "get_attr",
                "value": "client_id"
              }
            ],
            [
              {
                "type": "get_attr",
                "value": "client_secret"
              }
            ]
          ],
          "private": "bnVsbA==",
          "dependencies": [
            "data.zitadel_orgs.iedora",
            "zitadel_org.iedora",
            "zitadel_project.iedora"
          ]
        }
      ]
    },
    {
      "mode": "managed",
      "type": "zitadel_instance_member",
      "name": "menu_sa_iam_owner",
      "provider": "provider[\"registry.opentofu.org/zitadel/zitadel\"]",
      "instances": [
        {
          "schema_version": 0,
          "attributes": {
            "id": "373949658805867525_373949786497258502",
            "roles": [
              "IAM_OWNER"
            ],
            "user_id": "373949786497258502"
          },
          "sensitive_attributes": [],
          "private": "bnVsbA==",
          "dependencies": [
            "data.zitadel_orgs.iedora",
            "zitadel_machine_user.menu_sa",
            "zitadel_org.iedora"
          ]
        }
      ]
    },
    {
      "mode": "managed",
      "type": "zitadel_machine_user",
      "name": "menu_sa",
      "provider": "provider[\"registry.opentofu.org/zitadel/zitadel\"]",
      "instances": [
        {
          "schema_version": 0,
          "attributes": {
            "access_token_type": "ACCESS_TOKEN_TYPE_BEARER",
            "client_id": null,
            "client_secret": null,
            "description": "Service account menu uses for org provisioning + membership lookups (#20).",
            "id": "373949786497258502",
            "login_names": [
              "menu-sa"
            ],
            "name": "Menu",
            "org_id": "373949658805933061",
            "preferred_login_name": "menu-sa",
            "state": "USER_STATE_ACTIVE",
            "user_id": null,
            "user_name": "menu-sa",
            "with_secret": false
          },
          "sensitive_attributes": [
            [
              {
                "type": "get_attr",
                "value": "client_id"
              }
            ],
            [
              {
                "type": "get_attr",
                "value": "client_secret"
              }
            ]
          ],
          "private": "bnVsbA==",
          "dependencies": [
            "data.zitadel_orgs.iedora",
            "zitadel_org.iedora"
          ]
        }
      ]
    },
    {
      "mode": "managed",
      "type": "zitadel_org",
      "name": "iedora",
      "provider": "provider[\"registry.opentofu.org/zitadel/zitadel\"]",
      "instances": [
        {
          "schema_version": 0,
          "attributes": {
            "admins": [],
            "id": "373949658805933061",
            "is_default": true,
            "name": "iedora",
            "org_id": null,
            "primary_domain": "iedora.localhost",
            "state": "ORG_STATE_ACTIVE"
          },
          "sensitive_attributes": [],
          "private": "eyJzY2hlbWFfdmVyc2lvbiI6IjAifQ==",
          "dependencies": [
            "data.zitadel_orgs.iedora"
          ]
        }
      ]
    },
    {
      "mode": "managed",
      "type": "zitadel_personal_access_token",
      "name": "menu_sa",
      "provider": "provider[\"registry.opentofu.org/zitadel/zitadel\"]",
      "instances": [
        {
          "schema_version": 0,
          "attributes": {
            "expiration_date": "2099-01-01T00:00:00Z",
            "id": "373949786547590150",
            "org_id": "373949658805933061",
            "token": "eyJhbGciOiJBMjU2R0NNS1ciLCJlbmMiOiJBMjU2R0NNIiwiaXYiOiIzWTJHdWNKUEtWSHBTRkxHIiwia2lkIjoib2lkY0tleSIsInRhZyI6IjZCb1lGLVFfX2JsREtpLThSN1JvTncifQ.kBqIgGeSveaZE8dofU9BcMsEhSaAydZ3mkB1urc1PDs.yZM3yrQdFLh4qqth.Y5WArKlhk57pytiI8-PCPeT5tXEGFNeNWTfgicDoDldBrqWoqg.75eSBIxo7yU0huOR_oPkyw",
            "user_id": "373949786497258502"
          },
          "sensitive_attributes": [
            [
              {
                "type": "get_attr",
                "value": "token"
              }
            ]
          ],
          "private": "bnVsbA==",
          "dependencies": [
            "data.zitadel_orgs.iedora",
            "zitadel_machine_user.menu_sa",
            "zitadel_org.iedora"
          ]
        }
      ]
    },
    {
      "mode": "managed",
      "type": "zitadel_project",
      "name": "iedora",
      "provider": "provider[\"registry.opentofu.org/zitadel/zitadel\"]",
      "instances": [
        {
          "schema_version": 0,
          "attributes": {
            "has_project_check": false,
            "id": "373949786514166790",
            "name": "iedora",
            "org_id": "373949658805933061",
            "private_labeling_setting": "PRIVATE_LABELING_SETTING_UNSPECIFIED",
            "project_role_assertion": true,
            "project_role_check": false,
            "state": "PROJECT_STATE_ACTIVE"
          },
          "sensitive_attributes": [],
          "private": "bnVsbA==",
          "dependencies": [
            "data.zitadel_orgs.iedora",
            "zitadel_org.iedora"
          ]
        }
      ]
    },
    {
      "mode": "managed",
      "type": "zitadel_project_role",
      "name": "iedora_admin",
      "provider": "provider[\"registry.opentofu.org/zitadel/zitadel\"]",
      "instances": [
        {
          "schema_version": 0,
          "attributes": {
            "display_name": "Iedora Admin",
            "group": "iedora",
            "id": "373949658805933061_373949786514166790_iedora-admin",
            "org_id": "373949658805933061",
            "project_id": "373949786514166790",
            "role_key": "iedora-admin"
          },
          "sensitive_attributes": [],
          "private": "bnVsbA==",
          "dependencies": [
            "data.zitadel_orgs.iedora",
            "zitadel_org.iedora",
            "zitadel_project.iedora"
          ]
        }
      ]
    },
    {
      "mode": "managed",
      "type": "zitadel_project_role",
      "name": "qr_codes_delete",
      "provider": "provider[\"registry.opentofu.org/zitadel/zitadel\"]",
      "instances": [
        {
          "schema_version": 0,
          "attributes": {
            "display_name": "QR codes — delete",
            "group": "qr-codes",
            "id": "373949658805933061_373949786514166790_qr-codes:delete",
            "org_id": "373949658805933061",
            "project_id": "373949786514166790",
            "role_key": "qr-codes:delete"
          },
          "sensitive_attributes": [],
          "private": "bnVsbA==",
          "dependencies": [
            "data.zitadel_orgs.iedora",
            "zitadel_org.iedora",
            "zitadel_project.iedora"
          ]
        }
      ]
    },
    {
      "mode": "managed",
      "type": "zitadel_project_role",
      "name": "qr_codes_read",
      "provider": "provider[\"registry.opentofu.org/zitadel/zitadel\"]",
      "instances": [
        {
          "schema_version": 0,
          "attributes": {
            "display_name": "QR codes — read",
            "group": "qr-codes",
            "id": "373949658805933061_373949786514166790_qr-codes:read",
            "org_id": "373949658805933061",
            "project_id": "373949786514166790",
            "role_key": "qr-codes:read"
          },
          "sensitive_attributes": [],
          "private": "bnVsbA==",
          "dependencies": [
            "data.zitadel_orgs.iedora",
            "zitadel_org.iedora",
            "zitadel_project.iedora"
          ]
        }
      ]
    },
    {
      "mode": "managed",
      "type": "zitadel_project_role",
      "name": "qr_codes_update",
      "provider": "provider[\"registry.opentofu.org/zitadel/zitadel\"]",
      "instances": [
        {
          "schema_version": 0,
          "attributes": {
            "display_name": "QR codes — bind / unbind",
            "group": "qr-codes",
            "id": "373949658805933061_373949786514166790_qr-codes:update",
            "org_id": "373949658805933061",
            "project_id": "373949786514166790",
            "role_key": "qr-codes:update"
          },
          "sensitive_attributes": [],
          "private": "bnVsbA==",
          "dependencies": [
            "data.zitadel_orgs.iedora",
            "zitadel_org.iedora",
            "zitadel_project.iedora"
          ]
        }
      ]
    },
    {
      "mode": "managed",
      "type": "zitadel_project_role",
      "name": "qr_codes_write",
      "provider": "provider[\"registry.opentofu.org/zitadel/zitadel\"]",
      "instances": [
        {
          "schema_version": 0,
          "attributes": {
            "display_name": "QR codes — create",
            "group": "qr-codes",
            "id": "373949658805933061_373949786514166790_qr-codes:write",
            "org_id": "373949658805933061",
            "project_id": "373949786514166790",
            "role_key": "qr-codes:write"
          },
          "sensitive_attributes": [],
          "private": "bnVsbA==",
          "dependencies": [
            "data.zitadel_orgs.iedora",
            "zitadel_org.iedora",
            "zitadel_project.iedora"
          ]
        }
      ]
    },
    {
      "module": "module.house",
      "mode": "managed",
      "type": "docker_container",
      "name": "this",
      "provider": "provider[\"registry.opentofu.org/kreuzwerker/docker\"]",
      "instances": [
        {
          "schema_version": 2,
          "attributes": {
            "attach": false,
            "bridge": "",
            "capabilities": [],
            "cgroup_parent": null,
            "cgroupns_mode": null,
            "command": [
              "httpd",
              "-f",
              "-v",
              "-p",
              "80",
              "-h",
              "/www"
            ],
            "container_logs": null,
            "container_read_refresh_timeout_milliseconds": 15000,
            "cpu_period": null,
            "cpu_quota": null,
            "cpu_set": "",
            "cpu_shares": 0,
            "cpus": null,
            "destroy_grace_seconds": null,
            "devices": [],
            "dns": null,
            "dns_opts": null,
            "dns_search": null,
            "domainname": "",
            "entrypoint": [],
            "env": [],
            "exit_code": null,
            "gpus": null,
            "group_add": null,
            "healthcheck": null,
            "host": [],
            "hostname": "bd561a97a432",
            "id": "bd561a97a432f08b3449b44445ff9204dff84cab61ebe031cc6ed03e594de78f",
            "image": "sha256:b1dc22f05093e801faa907d00aa9a7b8b7e1f382c5f4950cb5853da1cadaadeb",
            "init": false,
            "ipc_mode": "private",
            "labels": [],
            "log_driver": "json-file",
            "log_opts": {
              "max-file": "5",
              "max-size": "10m"
            },
            "logs": false,
            "max_retry_count": 0,
            "memory": 0,
            "memory_reservation": 0,
            "memory_swap": 0,
            "mounts": [],
            "must_run": true,
            "name": "infra-house",
            "network_data": [
              {
                "gateway": "192.168.148.1",
                "global_ipv6_address": "",
                "global_ipv6_prefix_length": 0,
                "ip_address": "192.168.148.2",
                "ip_prefix_length": 24,
                "ipv6_gateway": "",
                "mac_address": "12:a2:dc:ee:5b:29",
                "network_name": "iedora"
              }
            ],
            "network_mode": "bridge",
            "networks_advanced": [
              {
                "aliases": [
                  "house",
                  "infra-house"
                ],
                "ipv4_address": "",
                "ipv6_address": "",
                "mac_address": "",
                "name": "iedora"
              }
            ],
            "pid_mode": "",
            "ports": [
              {
                "external": 3002,
                "internal": 80,
                "ip": "0.0.0.0",
                "protocol": "tcp"
              }
            ],
            "privileged": false,
            "publish_all_ports": false,
            "read_only": false,
            "remove_volumes": true,
            "restart": "unless-stopped",
            "rm": false,
            "runtime": "runc",
            "security_opts": [],
            "shm_size": 6002,
            "start": true,
            "stdin_open": false,
            "stop_signal": "",
            "stop_timeout": 0,
            "storage_opts": null,
            "sysctls": null,
            "tmpfs": null,
            "tty": false,
            "ulimit": [],
            "upload": [],
            "user": "",
            "userns_mode": "",
            "volumes": [],
            "wait": false,
            "wait_timeout": 60,
            "working_dir": "/www"
          },
          "sensitive_attributes": [],
          "private": "eyJzY2hlbWFfdmVyc2lvbiI6IjIifQ==",
          "dependencies": [
            "docker_image.house",
            "docker_network.iedora"
          ]
        }
      ]
    },
    {
      "module": "module.localstack",
      "mode": "managed",
      "type": "docker_container",
      "name": "this",
      "provider": "provider[\"registry.opentofu.org/kreuzwerker/docker\"]",
      "instances": [
        {
          "schema_version": 2,
          "attributes": {
            "attach": false,
            "bridge": "",
            "capabilities": [],
            "cgroup_parent": null,
            "cgroupns_mode": null,
            "command": [],
            "container_logs": null,
            "container_read_refresh_timeout_milliseconds": 15000,
            "cpu_period": null,
            "cpu_quota": null,
            "cpu_set": "",
            "cpu_shares": 0,
            "cpus": null,
            "destroy_grace_seconds": null,
            "devices": [],
            "dns": null,
            "dns_opts": null,
            "dns_search": null,
            "domainname": "",
            "entrypoint": [
              "docker-entrypoint.sh"
            ],
            "env": [
              "AWS_DEFAULT_REGION=us-east-1",
              "DEFAULT_REGION=us-east-1",
              "SERVICES=s3"
            ],
            "exit_code": null,
            "gpus": null,
            "group_add": null,
            "healthcheck": [
              {
                "interval": "10s",
                "retries": 5,
                "start_interval": "0s",
                "start_period": "15s",
                "test": [
                  "CMD-SHELL",
                  "curl -fsS http://localhost:4566/_localstack/health | grep -q s3"
                ],
                "timeout": "5s"
              }
            ],
            "host": [],
            "hostname": "929c3618c414",
            "id": "929c3618c414469d3f3a319baf7ec03cf05c27b7ecee3c3e74021ad9f2c8f896",
            "image": "localstack/localstack:4",
            "init": false,
            "ipc_mode": "private",
            "labels": [],
            "log_driver": "json-file",
            "log_opts": {
              "max-file": "5",
              "max-size": "10m"
            },
            "logs": false,
            "max_retry_count": 0,
            "memory": 0,
            "memory_reservation": 0,
            "memory_swap": 0,
            "mounts": [],
            "must_run": true,
            "name": "infra-localstack",
            "network_data": [
              {
                "gateway": "192.168.148.1",
                "global_ipv6_address": "",
                "global_ipv6_prefix_length": 0,
                "ip_address": "192.168.148.3",
                "ip_prefix_length": 24,
                "ipv6_gateway": "",
                "mac_address": "c6:c2:9c:44:fd:40",
                "network_name": "iedora"
              }
            ],
            "network_mode": "bridge",
            "networks_advanced": [
              {
                "aliases": [
                  "infra-localstack",
                  "localstack"
                ],
                "ipv4_address": "",
                "ipv6_address": "",
                "mac_address": "",
                "name": "iedora"
              }
            ],
            "pid_mode": "",
            "ports": [
              {
                "external": 4566,
                "internal": 4566,
                "ip": "0.0.0.0",
                "protocol": "tcp"
              }
            ],
            "privileged": false,
            "publish_all_ports": false,
            "read_only": false,
            "remove_volumes": true,
            "restart": "unless-stopped",
            "rm": false,
            "runtime": "runc",
            "security_opts": [],
            "shm_size": 6002,
            "start": true,
            "stdin_open": false,
            "stop_signal": "",
            "stop_timeout": 0,
            "storage_opts": null,
            "sysctls": null,
            "tmpfs": null,
            "tty": false,
            "ulimit": [],
            "upload": [
              {
                "content": "#!/usr/bin/env bash\n# Mirror prod's R2 bucket layout: iedora-data (private, backups +\n# OO cold tier) + iedora-assets (public, menu uploads).\nset -euo pipefail\nawslocal s3 mb s3://iedora-data\nawslocal s3 mb s3://iedora-assets\n",
                "content_base64": "",
                "executable": true,
                "file": "/etc/localstack/init/ready.d/init.sh",
                "permissions": "",
                "source": "",
                "source_hash": ""
              }
            ],
            "user": "",
            "userns_mode": "",
            "volumes": [
              {
                "container_path": "/var/lib/localstack",
                "from_container": "",
                "host_path": "",
                "read_only": null,
                "volume_name": "localstack-data"
              }
            ],
            "wait": false,
            "wait_timeout": 60,
            "working_dir": "/opt/code/localstack/"
          },
          "sensitive_attributes": [],
          "private": "eyJzY2hlbWFfdmVyc2lvbiI6IjIifQ==",
          "dependencies": [
            "docker_network.iedora",
            "docker_volume.localstack_data"
          ]
        }
      ]
    },
    {
      "module": "module.openobserve",
      "mode": "managed",
      "type": "docker_container",
      "name": "this",
      "provider": "provider[\"registry.opentofu.org/kreuzwerker/docker\"]",
      "instances": [
        {
          "schema_version": 2,
          "attributes": {
            "attach": false,
            "bridge": "",
            "capabilities": [],
            "cgroup_parent": null,
            "cgroupns_mode": null,
            "command": [
              "/openobserve"
            ],
            "container_logs": null,
            "container_read_refresh_timeout_milliseconds": 15000,
            "cpu_period": null,
            "cpu_quota": null,
            "cpu_set": "",
            "cpu_shares": 0,
            "cpus": null,
            "destroy_grace_seconds": null,
            "devices": [],
            "dns": null,
            "dns_opts": null,
            "dns_search": null,
            "domainname": "",
            "entrypoint": [],
            "env": [
              "ZO_DATA_DIR=/data",
              "ZO_GRPC_PORT=5081",
              "ZO_HTTP_PORT=5080",
              "ZO_ROOT_USER_EMAIL=dev@iedora.local",
              "ZO_ROOT_USER_PASSWORD=Password1!",
              "ZO_S3_ACCESS_KEY=test",
              "ZO_S3_BUCKET_NAME=iedora-data",
              "ZO_S3_BUCKET_PREFIX=o2",
              "ZO_S3_FEATURE_FORCE_PATH_STYLE=true",
              "ZO_S3_PROVIDER=aws",
              "ZO_S3_REGION_NAME=us-east-1",
              "ZO_S3_SECRET_KEY=test",
              "ZO_S3_SERVER_URL=http://infra-localstack:4566"
            ],
            "exit_code": null,
            "gpus": null,
            "group_add": null,
            "healthcheck": null,
            "host": [],
            "hostname": "78229bfa0617",
            "id": "78229bfa0617fb115f38189f7c6b2bc39c0ac9dc0dc1dc20a97b746a608a5665",
            "image": "public.ecr.aws/zinclabs/openobserve:v0.90.0",
            "init": false,
            "ipc_mode": "private",
            "labels": [],
            "log_driver": "json-file",
            "log_opts": {
              "max-file": "5",
              "max-size": "10m"
            },
            "logs": false,
            "max_retry_count": 0,
            "memory": 0,
            "memory_reservation": 0,
            "memory_swap": 0,
            "mounts": [],
            "must_run": true,
            "name": "infra-openobserve",
            "network_data": [
              {
                "gateway": "192.168.148.1",
                "global_ipv6_address": "",
                "global_ipv6_prefix_length": 0,
                "ip_address": "192.168.148.4",
                "ip_prefix_length": 24,
                "ipv6_gateway": "",
                "mac_address": "92:e3:e5:ba:a1:b1",
                "network_name": "iedora"
              }
            ],
            "network_mode": "bridge",
            "networks_advanced": [
              {
                "aliases": [
                  "infra-openobserve",
                  "openobserve"
                ],
                "ipv4_address": "",
                "ipv6_address": "",
                "mac_address": "",
                "name": "iedora"
              }
            ],
            "pid_mode": "",
            "ports": [
              {
                "external": 5080,
                "internal": 5080,
                "ip": "0.0.0.0",
                "protocol": "tcp"
              }
            ],
            "privileged": false,
            "publish_all_ports": false,
            "read_only": false,
            "remove_volumes": true,
            "restart": "unless-stopped",
            "rm": false,
            "runtime": "runc",
            "security_opts": [],
            "shm_size": 6002,
            "start": true,
            "stdin_open": false,
            "stop_signal": "",
            "stop_timeout": 0,
            "storage_opts": null,
            "sysctls": null,
            "tmpfs": null,
            "tty": false,
            "ulimit": [],
            "upload": [],
            "user": "0",
            "userns_mode": "",
            "volumes": [
              {
                "container_path": "/data",
                "from_container": "",
                "host_path": "",
                "read_only": null,
                "volume_name": "openobserve-data"
              }
            ],
            "wait": false,
            "wait_timeout": 60,
            "working_dir": "/"
          },
          "sensitive_attributes": [
            [
              {
                "type": "get_attr",
                "value": "env"
              }
            ]
          ],
          "private": "eyJzY2hlbWFfdmVyc2lvbiI6IjIifQ==",
          "dependencies": [
            "docker_network.iedora",
            "docker_volume.openobserve_data"
          ]
        }
      ]
    },
    {
      "module": "module.postgres",
      "mode": "managed",
      "type": "docker_container",
      "name": "this",
      "provider": "provider[\"registry.opentofu.org/kreuzwerker/docker\"]",
      "instances": [
        {
          "schema_version": 2,
          "attributes": {
            "attach": false,
            "bridge": "",
            "capabilities": [],
            "cgroup_parent": null,
            "cgroupns_mode": null,
            "command": [
              "postgres"
            ],
            "container_logs": null,
            "container_read_refresh_timeout_milliseconds": 15000,
            "cpu_period": null,
            "cpu_quota": null,
            "cpu_set": "",
            "cpu_shares": 0,
            "cpus": null,
            "destroy_grace_seconds": null,
            "devices": [],
            "dns": null,
            "dns_opts": null,
            "dns_search": null,
            "domainname": "",
            "entrypoint": [
              "docker-entrypoint.sh"
            ],
            "env": [
              "POSTGRES_DB=postgres",
              "POSTGRES_PASSWORD=Password1!",
              "POSTGRES_USER=postgres"
            ],
            "exit_code": null,
            "gpus": null,
            "group_add": null,
            "healthcheck": [
              {
                "interval": "5s",
                "retries": 5,
                "start_interval": "0s",
                "start_period": "0s",
                "test": [
                  "CMD-SHELL",
                  "pg_isready -U postgres"
                ],
                "timeout": "5s"
              }
            ],
            "host": [],
            "hostname": "1103714041ea",
            "id": "1103714041ea2473005e3ad2335c54bda822ce5ca5f59407d5e142495608eb03",
            "image": "postgres:18.4-alpine",
            "init": false,
            "ipc_mode": "private",
            "labels": [],
            "log_driver": "json-file",
            "log_opts": {
              "max-file": "5",
              "max-size": "10m"
            },
            "logs": false,
            "max_retry_count": 0,
            "memory": 0,
            "memory_reservation": 0,
            "memory_swap": 0,
            "mounts": [],
            "must_run": true,
            "name": "infra-postgres",
            "network_data": [
              {
                "gateway": "192.168.148.1",
                "global_ipv6_address": "",
                "global_ipv6_prefix_length": 0,
                "ip_address": "192.168.148.5",
                "ip_prefix_length": 24,
                "ipv6_gateway": "",
                "mac_address": "8a:37:33:85:e8:55",
                "network_name": "iedora"
              }
            ],
            "network_mode": "bridge",
            "networks_advanced": [
              {
                "aliases": [
                  "infra-postgres",
                  "postgres"
                ],
                "ipv4_address": "",
                "ipv6_address": "",
                "mac_address": "",
                "name": "iedora"
              }
            ],
            "pid_mode": "",
            "ports": [
              {
                "external": 5432,
                "internal": 5432,
                "ip": "0.0.0.0",
                "protocol": "tcp"
              }
            ],
            "privileged": false,
            "publish_all_ports": false,
            "read_only": false,
            "remove_volumes": true,
            "restart": "unless-stopped",
            "rm": false,
            "runtime": "runc",
            "security_opts": [],
            "shm_size": 6002,
            "start": true,
            "stdin_open": false,
            "stop_signal": "SIGINT",
            "stop_timeout": 0,
            "storage_opts": null,
            "sysctls": null,
            "tmpfs": null,
            "tty": false,
            "ulimit": [],
            "upload": [
              {
                "content": "-- Postgres init script — runs ONCE when the data volume is empty\n-- (Postgres image executes everything in /docker-entrypoint-initdb.d/\n-- in sorted order during the very first boot).\n--\n-- One database per iedora product. Each product's migrate.mjs then\n-- connects to its own database and runs Drizzle migrations.\n--\n-- Adding a new product = one line here + `just infra::wipe-postgres` +\n-- `just infra::deploy` (only viable on a clean wipe; for incremental\n-- adds against an existing cluster, run `CREATE DATABASE` manually).\n\nCREATE DATABASE menu;\nCREATE DATABASE zitadel;\n",
                "content_base64": "",
                "executable": false,
                "file": "/docker-entrypoint-initdb.d/init.sql",
                "permissions": "",
                "source": "",
                "source_hash": ""
              }
            ],
            "user": "",
            "userns_mode": "",
            "volumes": [
              {
                "container_path": "/var/lib/postgresql",
                "from_container": "",
                "host_path": "",
                "read_only": null,
                "volume_name": "postgres-data"
              }
            ],
            "wait": false,
            "wait_timeout": 60,
            "working_dir": "/"
          },
          "sensitive_attributes": [
            [
              {
                "type": "get_attr",
                "value": "env"
              }
            ]
          ],
          "private": "eyJzY2hlbWFfdmVyc2lvbiI6IjIifQ==",
          "dependencies": [
            "docker_network.iedora",
            "docker_volume.postgres_data"
          ]
        }
      ]
    },
    {
      "module": "module.zitadel",
      "mode": "managed",
      "type": "docker_container",
      "name": "this",
      "provider": "provider[\"registry.opentofu.org/kreuzwerker/docker\"]",
      "instances": [
        {
          "schema_version": 2,
          "attributes": {
            "attach": false,
            "bridge": "",
            "capabilities": [],
            "cgroup_parent": null,
            "cgroupns_mode": null,
            "command": [
              "start-from-init",
              "--masterkeyFromEnv",
              "--tlsMode",
              "disabled"
            ],
            "container_logs": null,
            "container_read_refresh_timeout_milliseconds": 15000,
            "cpu_period": null,
            "cpu_quota": null,
            "cpu_set": "",
            "cpu_shares": 0,
            "cpus": null,
            "destroy_grace_seconds": null,
            "devices": [],
            "dns": null,
            "dns_opts": null,
            "dns_search": null,
            "domainname": "",
            "entrypoint": [
              "/app/zitadel"
            ],
            "env": [
              "ZITADEL_DATABASE_POSTGRES_ADMIN_EXISTINGDATABASE=postgres",
              "ZITADEL_DATABASE_POSTGRES_ADMIN_PASSWORD=Password1!",
              "ZITADEL_DATABASE_POSTGRES_ADMIN_SSL_MODE=disable",
              "ZITADEL_DATABASE_POSTGRES_ADMIN_USERNAME=postgres",
              "ZITADEL_DATABASE_POSTGRES_AWAITINITIALCONN=5m",
              "ZITADEL_DATABASE_POSTGRES_DATABASE=zitadel",
              "ZITADEL_DATABASE_POSTGRES_HOST=postgres",
              "ZITADEL_DATABASE_POSTGRES_PORT=5432",
              "ZITADEL_DATABASE_POSTGRES_USER_PASSWORD=Password1!",
              "ZITADEL_DATABASE_POSTGRES_USER_SSL_MODE=disable",
              "ZITADEL_DATABASE_POSTGRES_USER_USERNAME=postgres",
              "ZITADEL_DEFAULTINSTANCE_FEATURES_LOGINV2_BASEURI=http://localhost:3001/ui/v2/login",
              "ZITADEL_DEFAULTINSTANCE_FEATURES_LOGINV2_REQUIRED=true",
              "ZITADEL_EXTERNALDOMAIN=localhost",
              "ZITADEL_EXTERNALPORT=8080",
              "ZITADEL_EXTERNALSECURE=false",
              "ZITADEL_FIRSTINSTANCE_LOGINCLIENTPATPATH=/zitadel-bootstrap/login-client.pat",
              "ZITADEL_FIRSTINSTANCE_MACHINEKEYPATH=/zitadel-bootstrap/zitadel-admin-sa.json",
              "ZITADEL_FIRSTINSTANCE_ORG_HUMAN_EMAIL_ADDRESS=dev@iedora.local",
              "ZITADEL_FIRSTINSTANCE_ORG_HUMAN_EMAIL_VERIFIED=true",
              "ZITADEL_FIRSTINSTANCE_ORG_HUMAN_FIRSTNAME=iedora",
              "ZITADEL_FIRSTINSTANCE_ORG_HUMAN_LASTNAME=Admin",
              "ZITADEL_FIRSTINSTANCE_ORG_HUMAN_PASSWORD=Password1!",
              "ZITADEL_FIRSTINSTANCE_ORG_HUMAN_PASSWORDCHANGEREQUIRED=false",
              "ZITADEL_FIRSTINSTANCE_ORG_HUMAN_USERNAME=zitadel-admin",
              "ZITADEL_FIRSTINSTANCE_ORG_LOGINCLIENT_MACHINE_NAME=Login Client",
              "ZITADEL_FIRSTINSTANCE_ORG_LOGINCLIENT_MACHINE_USERNAME=login-client",
              "ZITADEL_FIRSTINSTANCE_ORG_LOGINCLIENT_PAT_EXPIRATIONDATE=2099-01-01T00:00:00Z",
              "ZITADEL_FIRSTINSTANCE_ORG_MACHINE_MACHINEKEY_EXPIRATIONDATE=2099-01-01T00:00:00Z",
              "ZITADEL_FIRSTINSTANCE_ORG_MACHINE_MACHINEKEY_TYPE=1",
              "ZITADEL_FIRSTINSTANCE_ORG_MACHINE_MACHINE_NAME=Terraform",
              "ZITADEL_FIRSTINSTANCE_ORG_MACHINE_MACHINE_USERNAME=zitadel-admin-sa",
              "ZITADEL_FIRSTINSTANCE_ORG_NAME=iedora",
              "ZITADEL_MASTERKEY=dev-masterkey-32-characters-XXXX",
              "ZITADEL_TLS_ENABLED=false"
            ],
            "exit_code": null,
            "gpus": null,
            "group_add": null,
            "healthcheck": [
              {
                "interval": "0s",
                "retries": 0,
                "start_interval": "0s",
                "start_period": "0s",
                "test": [
                  "NONE"
                ],
                "timeout": "0s"
              }
            ],
            "host": [],
            "hostname": "d0a9c4580e06",
            "id": "d0a9c4580e06f2361496aa556ec190a733b6d72293ab4a872a2f1f86d66be467",
            "image": "ghcr.io/zitadel/zitadel:v4.15.0",
            "init": false,
            "ipc_mode": "private",
            "labels": [],
            "log_driver": "json-file",
            "log_opts": {
              "max-file": "5",
              "max-size": "10m"
            },
            "logs": false,
            "max_retry_count": 0,
            "memory": 0,
            "memory_reservation": 0,
            "memory_swap": 0,
            "mounts": [],
            "must_run": true,
            "name": "infra-zitadel",
            "network_data": [
              {
                "gateway": "192.168.148.1",
                "global_ipv6_address": "",
                "global_ipv6_prefix_length": 0,
                "ip_address": "192.168.148.6",
                "ip_prefix_length": 24,
                "ipv6_gateway": "",
                "mac_address": "0e:80:73:59:ef:87",
                "network_name": "iedora"
              }
            ],
            "network_mode": "bridge",
            "networks_advanced": [
              {
                "aliases": [
                  "infra-zitadel",
                  "zitadel"
                ],
                "ipv4_address": "",
                "ipv6_address": "",
                "mac_address": "",
                "name": "iedora"
              }
            ],
            "pid_mode": "",
            "ports": [
              {
                "external": 8080,
                "internal": 8080,
                "ip": "0.0.0.0",
                "protocol": "tcp"
              }
            ],
            "privileged": false,
            "publish_all_ports": false,
            "read_only": false,
            "remove_volumes": true,
            "restart": "unless-stopped",
            "rm": false,
            "runtime": "runc",
            "security_opts": [],
            "shm_size": 6002,
            "start": true,
            "stdin_open": false,
            "stop_signal": "",
            "stop_timeout": 0,
            "storage_opts": null,
            "sysctls": null,
            "tmpfs": null,
            "tty": false,
            "ulimit": [],
            "upload": [],
            "user": "zitadel",
            "userns_mode": "",
            "volumes": [
              {
                "container_path": "/zitadel-bootstrap",
                "from_container": "",
                "host_path": "/Users/eduvhc/projects/personal/iedora/infra/dev/.zitadel-bootstrap",
                "read_only": null,
                "volume_name": ""
              }
            ],
            "wait": false,
            "wait_timeout": 60,
            "working_dir": "/"
          },
          "sensitive_attributes": [
            [
              {
                "type": "get_attr",
                "value": "env"
              }
            ]
          ],
          "private": "eyJzY2hlbWFfdmVyc2lvbiI6IjIifQ==",
          "dependencies": [
            "docker_container.zitadel_bootstrap_chmod",
            "docker_network.iedora",
            "docker_volume.postgres_data",
            "module.postgres.docker_container.this"
          ]
        }
      ]
    },
    {
      "module": "module.zitadel_login",
      "mode": "managed",
      "type": "docker_container",
      "name": "this",
      "provider": "provider[\"registry.opentofu.org/kreuzwerker/docker\"]",
      "instances": [
        {
          "schema_version": 2,
          "attributes": {
            "attach": false,
            "bridge": "",
            "capabilities": [],
            "cgroup_parent": null,
            "cgroupns_mode": null,
            "command": [],
            "container_logs": null,
            "container_read_refresh_timeout_milliseconds": 15000,
            "cpu_period": null,
            "cpu_quota": null,
            "cpu_set": "",
            "cpu_shares": 0,
            "cpus": null,
            "destroy_grace_seconds": null,
            "devices": [],
            "dns": null,
            "dns_opts": null,
            "dns_search": null,
            "domainname": "",
            "entrypoint": [
              "/app/entrypoint.sh",
              "node",
              "apps/login/server.js"
            ],
            "env": [
              "EMAIL_VERIFICATION=false",
              "NEXT_PUBLIC_BASE_PATH=/ui/v2/login",
              "ZITADEL_API_URL=http://localhost:8080",
              "ZITADEL_SERVICE_USER_TOKEN_FILE=/zitadel-bootstrap/login-client.pat",
              "ZITADEL_TLS_ENABLED=false"
            ],
            "exit_code": null,
            "gpus": null,
            "group_add": null,
            "healthcheck": [
              {
                "interval": "30s",
                "retries": 3,
                "start_interval": "0s",
                "start_period": "5s",
                "test": [
                  "CMD",
                  "/usr/local/bin/node",
                  "/app/healthcheck.mjs",
                  "/ui/v2/login/ready"
                ],
                "timeout": "10s"
              }
            ],
            "host": [
              {
                "host": "localhost",
                "ip": "host-gateway"
              }
            ],
            "hostname": "d47d416f9532",
            "id": "d47d416f9532d655a6912349a227dec404e840c8147e6a1b3555fc996994bb98",
            "image": "ghcr.io/zitadel/zitadel-login:v4.15.0",
            "init": false,
            "ipc_mode": "private",
            "labels": [],
            "log_driver": "json-file",
            "log_opts": {
              "max-file": "5",
              "max-size": "10m"
            },
            "logs": false,
            "max_retry_count": 0,
            "memory": 0,
            "memory_reservation": 0,
            "memory_swap": 0,
            "mounts": [],
            "must_run": true,
            "name": "infra-zitadel-login",
            "network_data": [
              {
                "gateway": "192.168.148.1",
                "global_ipv6_address": "",
                "global_ipv6_prefix_length": 0,
                "ip_address": "192.168.148.7",
                "ip_prefix_length": 24,
                "ipv6_gateway": "",
                "mac_address": "ca:79:96:37:d2:60",
                "network_name": "iedora"
              }
            ],
            "network_mode": "bridge",
            "networks_advanced": [
              {
                "aliases": [
                  "infra-zitadel-login",
                  "zitadel-login"
                ],
                "ipv4_address": "",
                "ipv6_address": "",
                "mac_address": "",
                "name": "iedora"
              }
            ],
            "pid_mode": "",
            "ports": [
              {
                "external": 3001,
                "internal": 3000,
                "ip": "0.0.0.0",
                "protocol": "tcp"
              }
            ],
            "privileged": false,
            "publish_all_ports": false,
            "read_only": false,
            "remove_volumes": true,
            "restart": "unless-stopped",
            "rm": false,
            "runtime": "runc",
            "security_opts": [],
            "shm_size": 6002,
            "start": true,
            "stdin_open": false,
            "stop_signal": "",
            "stop_timeout": 0,
            "storage_opts": null,
            "sysctls": null,
            "tmpfs": null,
            "tty": false,
            "ulimit": [],
            "upload": [],
            "user": "nextjs",
            "userns_mode": "",
            "volumes": [
              {
                "container_path": "/zitadel-bootstrap",
                "from_container": "",
                "host_path": "/Users/eduvhc/projects/personal/iedora/infra/dev/.zitadel-bootstrap",
                "read_only": true,
                "volume_name": ""
              }
            ],
            "wait": false,
            "wait_timeout": 60,
            "working_dir": "/app"
          },
          "sensitive_attributes": [],
          "private": "eyJzY2hlbWFfdmVyc2lvbiI6IjIifQ==",
          "dependencies": [
            "docker_container.zitadel_bootstrap_chmod",
            "docker_network.iedora",
            "docker_volume.postgres_data",
            "module.postgres.docker_container.this",
            "module.zitadel.docker_container.this"
          ]
        }
      ]
    }
  ],
  "check_results": [
    {
      "object_kind": "var",
      "config_addr": "module.zitadel.var.machine_key_type",
      "status": "pass",
      "objects": [
        {
          "object_addr": "module.zitadel.var.machine_key_type",
          "status": "pass"
        }
      ]
    },
    {
      "object_kind": "var",
      "config_addr": "module.zitadel.var.masterkey",
      "status": "pass",
      "objects": [
        {
          "object_addr": "module.zitadel.var.masterkey",
          "status": "pass"
        }
      ]
    }
  ]
}

